// !$*UTF8*$!
{
	archiveVersion = 1;
	classes = {
	};
	objectVersion = 55;
	objects = {

/* Begin PBXBuildFile section */
		208453E827FAD80D002233F8 /* FourScene.sks in Resources */ = {isa = PBXBuildFile; fileRef = 208453E727FAD80D002233F8 /* FourScene.sks */; };
		208453EC27FAD879002233F8 /* FourScene.swift in Sources */ = {isa = PBXBuildFile; fileRef = 208453EB27FAD879002233F8 /* FourScene.swift */; };
		20D38E9F280076C600E80B91 /* Main.storyboard in Resources */ = {isa = PBXBuildFile; fileRef = 20D38E9E280076C600E80B91 /* Main.storyboard */; };
		20E90B9027DA8F8100C0AC5B /* AppDelegate.swift in Sources */ = {isa = PBXBuildFile; fileRef = 20E90B8F27DA8F8100C0AC5B /* AppDelegate.swift */; };
		20E90B9227DA8F8100C0AC5B /* GameScene.sks in Resources */ = {isa = PBXBuildFile; fileRef = 20E90B9127DA8F8100C0AC5B /* GameScene.sks */; };
		20E90B9427DA8F8100C0AC5B /* Actions.sks in Resources */ = {isa = PBXBuildFile; fileRef = 20E90B9327DA8F8100C0AC5B /* Actions.sks */; };
		20E90B9627DA8F8100C0AC5B /* GameScene.swift in Sources */ = {isa = PBXBuildFile; fileRef = 20E90B9527DA8F8100C0AC5B /* GameScene.swift */; };
		20E90B9827DA8F8100C0AC5B /* GameViewController.swift in Sources */ = {isa = PBXBuildFile; fileRef = 20E90B9727DA8F8100C0AC5B /* GameViewController.swift */; };
		20E90B9D27DA8F8900C0AC5B /* Assets.xcassets in Resources */ = {isa = PBXBuildFile; fileRef = 20E90B9C27DA8F8900C0AC5B /* Assets.xcassets */; };
		20E90BA027DA8F8900C0AC5B /* LaunchScreen.storyboard in Resources */ = {isa = PBXBuildFile; fileRef = 20E90B9E27DA8F8900C0AC5B /* LaunchScreen.storyboard */; };
		20E90BAA27DA8F8A00C0AC5B /* example_1Tests.swift in Sources */ = {isa = PBXBuildFile; fileRef = 20E90BA927DA8F8A00C0AC5B /* example_1Tests.swift */; };
		20E90BB427DA8F8A00C0AC5B /* example_1UITests.swift in Sources */ = {isa = PBXBuildFile; fileRef = 20E90BB327DA8F8A00C0AC5B /* example_1UITests.swift */; };
		20E90BB627DA8F8A00C0AC5B /* example_1UITestsLaunchTests.swift in Sources */ = {isa = PBXBuildFile; fileRef = 20E90BB527DA8F8A00C0AC5B /* example_1UITestsLaunchTests.swift */; };
		20E90BC327DB344400C0AC5B /* driveforever.mp3 in Resources */ = {isa = PBXBuildFile; fileRef = 20E90BC227DB344300C0AC5B /* driveforever.mp3 */; };
		20E90BC527DB4EF700C0AC5B /* Scenetwo.swift in Sources */ = {isa = PBXBuildFile; fileRef = 20E90BC427DB4EF700C0AC5B /* Scenetwo.swift */; };
		20E90BC727DB4F2100C0AC5B /* Scenetwo.sks in Resources */ = {isa = PBXBuildFile; fileRef = 20E90BC627DB4F2100C0AC5B /* Scenetwo.sks */; };
		20E90BC927DB735C00C0AC5B /* SceneThird.sks in Resources */ = {isa = PBXBuildFile; fileRef = 20E90BC827DB735C00C0AC5B /* SceneThird.sks */; };
		20E90BCB27DB737300C0AC5B /* SceneThird.swift in Sources */ = {isa = PBXBuildFile; fileRef = 20E90BCA27DB737300C0AC5B /* SceneThird.swift */; };
/* End PBXBuildFile section */

/* Begin PBXContainerItemProxy section */
		20E90BA627DA8F8A00C0AC5B /* PBXContainerItemProxy */ = {
			isa = PBXContainerItemProxy;
			containerPortal = 20E90B8427DA8F8000C0AC5B /* Project object */;
			proxyType = 1;
			remoteGlobalIDString = 20E90B8B27DA8F8100C0AC5B;
			remoteInfo = example_1;
		};
		20E90BB027DA8F8A00C0AC5B /* PBXContainerItemProxy */ = {
			isa = PBXContainerItemProxy;
			containerPortal = 20E90B8427DA8F8000C0AC5B /* Project object */;
			proxyType = 1;
			remoteGlobalIDString = 20E90B8B27DA8F8100C0AC5B;
			remoteInfo = example_1;
		};
/* End PBXContainerItemProxy section */

/* Begin PBXFileReference section */
		208453E727FAD80D002233F8 /* FourScene.sks */ = {isa = PBXFileReference; lastKnownFileType = file.sks; path = FourScene.sks; sourceTree = "<group>"; };
		208453EB27FAD879002233F8 /* FourScene.swift */ = {isa = PBXFileReference; lastKnownFileType = sourcecode.swift; path = FourScene.swift; sourceTree = "<group>"; };
		20D38E9E280076C600E80B91 /* Main.storyboard */ = {isa = PBXFileReference; fileEncoding = 4; lastKnownFileType = file.storyboard; path = Main.storyboard; sourceTree = "<group>"; };
		20E90B8C27DA8F8100C0AC5B /* example_1.app */ = {isa = PBXFileReference; explicitFileType = wrapper.application; includeInIndex = 0; path = example_1.app; sourceTree = BUILT_PRODUCTS_DIR; };
		20E90B8F27DA8F8100C0AC5B /* AppDelegate.swift */ = {isa = PBXFileReference; lastKnownFileType = sourcecode.swift; path = AppDelegate.swift; sourceTree = "<group>"; };
		20E90B9127DA8F8100C0AC5B /* GameScene.sks */ = {isa = PBXFileReference; lastKnownFileType = file.sks; path = GameScene.sks; sourceTree = "<group>"; };
		20E90B9327DA8F8100C0AC5B /* Actions.sks */ = {isa = PBXFileReference; lastKnownFileType = file.sks; path = Actions.sks; sourceTree = "<group>"; };
		20E90B9527DA8F8100C0AC5B /* GameScene.swift */ = {isa = PBXFileReference; lastKnownFileType = sourcecode.swift; path = GameScene.swift; sourceTree = "<group>"; };
		20E90B9727DA8F8100C0AC5B /* GameViewController.swift */ = {isa = PBXFileReference; lastKnownFileType = sourcecode.swift; path = GameViewController.swift; sourceTree = "<group>"; };
		20E90B9C27DA8F8900C0AC5B /* Assets.xcassets */ = {isa = PBXFileReference; lastKnownFileType = folder.assetcatalog; path = Assets.xcassets; sourceTree = "<group>"; };
		20E90B9F27DA8F8900C0AC5B /* Base */ = {isa = PBXFileReference; lastKnownFileType = file.storyboard; name = Base; path = Base.lproj/LaunchScreen.storyboard; sourceTree = "<group>"; };
		20E90BA527DA8F8A00C0AC5B /* example_1Tests.xctest */ = {isa = PBXFileReference; explicitFileType = wrapper.cfbundle; includeInIndex = 0; path = example_1Tests.xctest; sourceTree = BUILT_PRODUCTS_DIR; };
		20E90BA927DA8F8A00C0AC5B /* example_1Tests.swift */ = {isa = PBXFileReference; lastKnownFileType = sourcecode.swift; path = example_1Tests.swift; sourceTree = "<group>"; };
		20E90BAF27DA8F8A00C0AC5B /* example_1UITests.xctest */ = {isa = PBXFileReference; explicitFileType = wrapper.cfbundle; includeInIndex = 0; path = example_1UITests.xctest; sourceTree = BUILT_PRODUCTS_DIR; };
		20E90BB327DA8F8A00C0AC5B /* example_1UITests.swift */ = {isa = PBXFileReference; lastKnownFileType = sourcecode.swift; path = example_1UITests.swift; sourceTree = "<group>"; };
		20E90BB527DA8F8A00C0AC5B /* example_1UITestsLaunchTests.swift */ = {isa = PBXFileReference; lastKnownFileType = sourcecode.swift; path = example_1UITestsLaunchTests.swift; sourceTree = "<group>"; };
		20E90BC227DB344300C0AC5B /* driveforever.mp3 */ = {isa = PBXFileReference; lastKnownFileType = audio.mp3; name = driveforever.mp3; path = ../../../driveforever.mp3; sourceTree = "<group>"; };
		20E90BC427DB4EF700C0AC5B /* Scenetwo.swift */ = {isa = PBXFileReference; lastKnownFileType = sourcecode.swift; path = Scenetwo.swift; sourceTree = "<group>"; };
		20E90BC627DB4F2100C0AC5B /* Scenetwo.sks */ = {isa = PBXFileReference; lastKnownFileType = file.sks; path = Scenetwo.sks; sourceTree = "<group>"; };
		20E90BC827DB735C00C0AC5B /* SceneThird.sks */ = {isa = PBXFileReference; lastKnownFileType = file.sks; path = SceneThird.sks; sourceTree = "<group>"; };
		20E90BCA27DB737300C0AC5B /* SceneThird.swift */ = {isa = PBXFileReference; lastKnownFileType = sourcecode.swift; path = SceneThird.swift; sourceTree = "<group>"; };
/* End PBXFileReference section */

/* Begin PBXFrameworksBuildPhase section */
		20E90B8927DA8F8100C0AC5B /* Frameworks */ = {
			isa = PBXFrameworksBuildPhase;
			buildActionMask = 2147483647;
			files = (
			);
			runOnlyForDeploymentPostprocessing = 0;
		};
		20E90BA227DA8F8A00C0AC5B /* Frameworks */ = {
			isa = PBXFrameworksBuildPhase;
			buildActionMask = 2147483647;
			files = (
			);
			runOnlyForDeploymentPostprocessing = 0;
		};
		20E90BAC27DA8F8A00C0AC5B /* Frameworks */ = {
			isa = PBXFrameworksBuildPhase;
			buildActionMask = 2147483647;
			files = (
			);
			runOnlyForDeploymentPostprocessing = 0;
		};
/* End PBXFrameworksBuildPhase section */

/* Begin PBXGroup section */
		20E90B8327DA8F8000C0AC5B = {
			isa = PBXGroup;
			children = (
				20E90B8E27DA8F8100C0AC5B /* example_1 */,
				20E90BA827DA8F8A00C0AC5B /* example_1Tests */,
				20E90BB227DA8F8A00C0AC5B /* example_1UITests */,
				20E90B8D27DA8F8100C0AC5B /* Products */,
			);
			sourceTree = "<group>";
		};
		20E90B8D27DA8F8100C0AC5B /* Products */ = {
			isa = PBXGroup;
			children = (
				20E90B8C27DA8F8100C0AC5B /* example_1.app */,
				20E90BA527DA8F8A00C0AC5B /* example_1Tests.xctest */,
				20E90BAF27DA8F8A00C0AC5B /* example_1UITests.xctest */,
			);
			name = Products;
			sourceTree = "<group>";
		};
		20E90B8E27DA8F8100C0AC5B /* example_1 */ = {
			isa = PBXGroup;
			children = (
				20E90B8F27DA8F8100C0AC5B /* AppDelegate.swift */,
				20E90B9727DA8F8100C0AC5B /* GameViewController.swift */,
				20D38E9E280076C600E80B91 /* Main.storyboard */,
				20E90B9327DA8F8100C0AC5B /* Actions.sks */,
				20E90B9527DA8F8100C0AC5B /* GameScene.swift */,
				20E90B9127DA8F8100C0AC5B /* GameScene.sks */,
				20E90BC427DB4EF700C0AC5B /* Scenetwo.swift */,
				20E90BC627DB4F2100C0AC5B /* Scenetwo.sks */,
				20E90BCA27DB737300C0AC5B /* SceneThird.swift */,
				20E90BC827DB735C00C0AC5B /* SceneThird.sks */,
				208453E727FAD80D002233F8 /* FourScene.sks */,
				208453EB27FAD879002233F8 /* FourScene.swift */,
				20E90BC227DB344300C0AC5B /* driveforever.mp3 */,
				20E90B9C27DA8F8900C0AC5B /* Assets.xcassets */,
				20E90B9E27DA8F8900C0AC5B /* LaunchScreen.storyboard */,
			);
			path = example_1;
			sourceTree = "<group>";
		};
		20E90BA827DA8F8A00C0AC5B /* example_1Tests */ = {
			isa = PBXGroup;
			children = (
				20E90BA927DA8F8A00C0AC5B /* example_1Tests.swift */,
			);
			path = example_1Tests;
			sourceTree = "<group>";
		};
		20E90BB227DA8F8A00C0AC5B /* example_1UITests */ = {
			isa = PBXGroup;
			children = (
				20E90BB327DA8F8A00C0AC5B /* example_1UITests.swift */,
				20E90BB527DA8F8A00C0AC5B /* example_1UITestsLaunchTests.swift */,
			);
			path = example_1UITests;
			sourceTree = "<group>";
		};
/* End PBXGroup section */

/* Begin PBXNativeTarget section */
		20E90B8B27DA8F8100C0AC5B /* example_1 */ = {
			isa = PBXNativeTarget;
			buildConfigurationList = 20E90BB927DA8F8A00C0AC5B /* Build configuration list for PBXNativeTarget "example_1" */;
			buildPhases = (
				20E90B8827DA8F8100C0AC5B /* Sources */,
				20E90B8927DA8F8100C0AC5B /* Frameworks */,
				20E90B8A27DA8F8100C0AC5B /* Resources */,
			);
			buildRules = (
			);
			dependencies = (
			);
			name = example_1;
			productName = example_1;
			productReference = 20E90B8C27DA8F8100C0AC5B /* example_1.app */;
			productType = "com.apple.product-type.application";
		};
		20E90BA427DA8F8A00C0AC5B /* example_1Tests */ = {
			isa = PBXNativeTarget;
			buildConfigurationList = 20E90BBC27DA8F8A00C0AC5B /* Build configuration list for PBXNativeTarget "example_1Tests" */;
			buildPhases = (
				20E90BA127DA8F8A00C0AC5B /* Sources */,
				20E90BA227DA8F8A00C0AC5B /* Frameworks */,
				20E90BA327DA8F8A00C0AC5B /* Resources */,
			);
			buildRules = (
			);
			dependencies = (
				20E90BA727DA8F8A00C0AC5B /* PBXTargetDependency */,
			);
			name = example_1Tests;
			productName = example_1Tests;
			productReference = 20E90BA527DA8F8A00C0AC5B /* example_1Tests.xctest */;
			productType = "com.apple.product-type.bundle.unit-test";
		};
		20E90BAE27DA8F8A00C0AC5B /* example_1UITests */ = {
			isa = PBXNativeTarget;
			buildConfigurationList = 20E90BBF27DA8F8A00C0AC5B /* Build configuration list for PBXNativeTarget "example_1UITests" */;
			buildPhases = (
				20E90BAB27DA8F8A00C0AC5B /* Sources */,
				20E90BAC27DA8F8A00C0AC5B /* Frameworks */,
				20E90BAD27DA8F8A00C0AC5B /* Resources */,
			);
			buildRules = (
			);
			dependencies = (
				20E90BB127DA8F8A00C0AC5B /* PBXTargetDependency */,
			);
			name = example_1UITests;
			productName = example_1UITests;
			productReference = 20E90BAF27DA8F8A00C0AC5B /* example_1UITests.xctest */;
			productType = "com.apple.product-type.bundle.ui-testing";
		};
/* End PBXNativeTarget section */

/* Begin PBXProject section */
		20E90B8427DA8F8000C0AC5B /* Project object */ = {
			isa = PBXProject;
			attributes = {
				BuildIndependentTargetsInParallel = 1;
				LastSwiftUpdateCheck = 1310;
				LastUpgradeCheck = 1310;
				TargetAttributes = {
					20E90B8B27DA8F8100C0AC5B = {
						CreatedOnToolsVersion = 13.1;
					};
					20E90BA427DA8F8A00C0AC5B = {
						CreatedOnToolsVersion = 13.1;
						TestTargetID = 20E90B8B27DA8F8100C0AC5B;
					};
					20E90BAE27DA8F8A00C0AC5B = {
						CreatedOnToolsVersion = 13.1;
						TestTargetID = 20E90B8B27DA8F8100C0AC5B;
					};
				};
			};
			buildConfigurationList = 20E90B8727DA8F8000C0AC5B /* Build configuration list for PBXProject "example_1" */;
			compatibilityVersion = "Xcode 13.0";
			developmentRegion = en;
			hasScannedForEncodings = 0;
			knownRegions = (
				en,
				Base,
			);
			mainGroup = 20E90B8327DA8F8000C0AC5B;
			productRefGroup = 20E90B8D27DA8F8100C0AC5B /* Products */;
			projectDirPath = "";
			projectRoot = "";
			targets = (
				20E90B8B27DA8F8100C0AC5B /* example_1 */,
				20E90BA427DA8F8A00C0AC5B /* example_1Tests */,
				20E90BAE27DA8F8A00C0AC5B /* example_1UITests */,
			);
		};
/* End PBXProject section */

/* Begin PBXResourcesBuildPhase section */
		20E90B8A27DA8F8100C0AC5B /* Resources */ = {
			isa = PBXResourcesBuildPhase;
			buildActionMask = 2147483647;
			files = (
				20E90B9227DA8F8100C0AC5B /* GameScene.sks in Resources */,
				20E90BC327DB344400C0AC5B /* driveforever.mp3 in Resources */,
				20E90B9D27DA8F8900C0AC5B /* Assets.xcassets in Resources */,
				20E90BC727DB4F2100C0AC5B /* Scenetwo.sks in Resources */,
				208453E827FAD80D002233F8 /* FourScene.sks in Resources */,
				20E90BA027DA8F8900C0AC5B /* LaunchScreen.storyboard in Resources */,
				20D38E9F280076C600E80B91 /* Main.storyboard in Resources */,
				20E90BC927DB735C00C0AC5B /* SceneThird.sks in Resources */,
				20E90B9427DA8F8100C0AC5B /* Actions.sks in Resources */,
			);
			runOnlyForDeploymentPostprocessing = 0;
		};
		20E90BA327DA8F8A00C0AC5B /* Resources */ = {
			isa = PBXResourcesBuildPhase;
			buildActionMask = 2147483647;
			files = (
			);
			runOnlyForDeploymentPostprocessing = 0;
		};
		20E90BAD27DA8F8A00C0AC5B /* Resources */ = {
			isa = PBXResourcesBuildPhase;
			buildActionMask = 2147483647;
			files = (
			);
			runOnlyForDeploymentPostprocessing = 0;
		};
/* End PBXResourcesBuildPhase section */

/* Begin PBXSourcesBuildPhase section */
		20E90B8827DA8F8100C0AC5B /* Sources */ = {
			isa = PBXSourcesBuildPhase;
			buildActionMask = 2147483647;
			files = (
				208453EC27FAD879002233F8 /* FourScene.swift in Sources */,
				20E90B9627DA8F8100C0AC5B /* GameScene.swift in Sources */,
				20E90BC527DB4EF700C0AC5B /* Scenetwo.swift in Sources */,
				20E90B9827DA8F8100C0AC5B /* GameViewController.swift in Sources */,
				20E90BCB27DB737300C0AC5B /* SceneThird.swift in Sources */,
				20E90B9027DA8F8100C0AC5B /* AppDelegate.swift in Sources */,
			);
			runOnlyForDeploymentPostprocessing = 0;
		};
		20E90BA127DA8F8A00C0AC5B /* Sources */ = {
			isa = PBXSourcesBuildPhase;
			buildActionMask = 2147483647;
			files = (
				20E90BAA27DA8F8A00C0AC5B /* example_1Tests.swift in Sources */,
			);
			runOnlyForDeploymentPostprocessing = 0;
		};
		20E90BAB27DA8F8A00C0AC5B /* Sources */ = {
			isa = PBXSourcesBuildPhase;
			buildActionMask = 2147483647;
			files = (
				20E90BB427DA8F8A00C0AC5B /* example_1UITests.swift in Sources */,
				20E90BB627DA8F8A00C0AC5B /* example_1UITestsLaunchTests.swift in Sources */,
			);
			runOnlyForDeploymentPostprocessing = 0;
		};
/* End PBXSourcesBuildPhase section */

/* Begin PBXTargetDependency section */
		20E90BA727DA8F8A00C0AC5B /* PBXTargetDependency */ = {
			isa = PBXTargetDependency;
			target = 20E90B8B27DA8F8100C0AC5B /* example_1 */;
			targetProxy = 20E90BA627DA8F8A00C0AC5B /* PBXContainerItemProxy */;
		};
		20E90BB127DA8F8A00C0AC5B /* PBXTargetDependency */ = {
			isa = PBXTargetDependency;
			target = 20E90B8B27DA8F8100C0AC5B /* example_1 */;
			targetProxy = 20E90BB027DA8F8A00C0AC5B /* PBXContainerItemProxy */;
		};
/* End PBXTargetDependency section */

/* Begin PBXVariantGroup section */
		20E90B9E27DA8F8900C0AC5B /* LaunchScreen.storyboard */ = {
			isa = PBXVariantGroup;
			children = (
				20E90B9F27DA8F8900C0AC5B /* Base */,
			);
			name = LaunchScreen.storyboard;
			sourceTree = "<group>";
		};
/* End PBXVariantGroup section */

/* Begin XCBuildConfiguration section */
		20E90BB727DA8F8A00C0AC5B /* Debug */ = {
			isa = XCBuildConfiguration;
			buildSettings = {
				ALWAYS_SEARCH_USER_PATHS = NO;
				CLANG_ANALYZER_NONNULL = YES;
				CLANG_ANALYZER_NUMBER_OBJECT_CONVERSION = YES_AGGRESSIVE;
				CLANG_CXX_LANGUAGE_STANDARD = "gnu++17";
				CLANG_CXX_LIBRARY = "libc++";
				CLANG_ENABLE_MODULES = YES;
				CLANG_ENABLE_OBJC_ARC = YES;
				CLANG_ENABLE_OBJC_WEAK = YES;
				CLANG_WARN_BLOCK_CAPTURE_AUTORELEASING = YES;
				CLANG_WARN_BOOL_CONVERSION = YES;
				CLANG_WARN_COMMA = YES;
				CLANG_WARN_CONSTANT_CONVERSION = YES;
				CLANG_WARN_DEPRECATED_OBJC_IMPLEMENTATIONS = YES;
				CLANG_WARN_DIRECT_OBJC_ISA_USAGE = YES_ERROR;
				CLANG_WARN_DOCUMENTATION_COMMENTS = YES;
				CLANG_WARN_EMPTY_BODY = YES;
				CLANG_WARN_ENUM_CONVERSION = YES;
				CLANG_WARN_INFINITE_RECURSION = YES;
				CLANG_WARN_INT_CONVERSION = YES;
				CLANG_WARN_NON_LITERAL_NULL_CONVERSION = YES;
				CLANG_WARN_OBJC_IMPLICIT_RETAIN_SELF = YES;
				CLANG_WARN_OBJC_LITERAL_CONVERSION = YES;
				CLANG_WARN_OBJC_ROOT_CLASS = YES_ERROR;
				CLANG_WARN_QUOTED_INCLUDE_IN_FRAMEWORK_HEADER = YES;
				CLANG_WARN_RANGE_LOOP_ANALYSIS = YES;
				CLANG_WARN_STRICT_PROTOTYPES = YES;
				CLANG_WARN_SUSPICIOUS_MOVE = YES;
				CLANG_WARN_UNGUARDED_AVAILABILITY = YES_AGGRESSIVE;
				CLANG_WARN_UNREACHABLE_CODE = YES;
				CLANG_WARN__DUPLICATE_METHOD_MATCH = YES;
				COPY_PHASE_STRIP = NO;
				DEBUG_INFORMATION_FORMAT = dwarf;
				ENABLE_STRICT_OBJC_MSGSEND = YES;
				ENABLE_TESTABILITY = YES;
				GCC_C_LANGUAGE_STANDARD = gnu11;
				GCC_DYNAMIC_NO_PIC = NO;
				GCC_NO_COMMON_BLOCKS = YES;
				GCC_OPTIMIZATION_LEVEL = 0;
				GCC_PREPROCESSOR_DEFINITIONS = (
					"DEBUG=1",
					"$(inherited)",
				);
				GCC_WARN_64_TO_32_BIT_CONVERSION = YES;
				GCC_WARN_ABOUT_RETURN_TYPE = YES_ERROR;
				GCC_WARN_UNDECLARED_SELECTOR = YES;
				GCC_WARN_UNINITIALIZED_AUTOS = YES_AGGRESSIVE;
				GCC_WARN_UNUSED_FUNCTION = YES;
				GCC_WARN_UNUSED_VARIABLE = YES;
				IPHONEOS_DEPLOYMENT_TARGET = 15.0;
				MTL_ENABLE_DEBUG_INFO = INCLUDE_SOURCE;
				MTL_FAST_MATH = YES;
				ONLY_ACTIVE_ARCH = YES;
				SDKROOT = iphoneos;
				SWIFT_ACTIVE_COMPILATION_CONDITIONS = DEBUG;
				SWIFT_OPTIMIZATION_LEVEL = "-Onone";
			};
			name = Debug;
		};
		20E90BB827DA8F8A00C0AC5B /* Release */ = {
			isa = XCBuildConfiguration;
			buildSettings = {
				ALWAYS_SEARCH_USER_PATHS = NO;
				CLANG_ANALYZER_NONNULL = YES;
				CLANG_ANALYZER_NUMBER_OBJECT_CONVERSION = YES_AGGRESSIVE;
				CLANG_CXX_LANGUAGE_STANDARD = "gnu++17";
				CLANG_CXX_LIBRARY = "libc++";
				CLANG_ENABLE_MODULES = YES;
				CLANG_ENABLE_OBJC_ARC = YES;
				CLANG_ENABLE_OBJC_WEAK = YES;
				CLANG_WARN_BLOCK_CAPTURE_AUTORELEASING = YES;
				CLANG_WARN_BOOL_CONVERSION = YES;
				CLANG_WARN_COMMA = YES;
				CLANG_WARN_CONSTANT_CONVERSION = YES;
				CLANG_WARN_DEPRECATED_OBJC_IMPLEMENTATIONS = YES;
				CLANG_WARN_DIRECT_OBJC_ISA_USAGE = YES_ERROR;
				CLANG_WARN_DOCUMENTATION_COMMENTS = YES;
				CLANG_WARN_EMPTY_BODY = YES;
				CLANG_WARN_ENUM_CONVERSION = YES;
				CLANG_WARN_INFINITE_RECURSION = YES;
				CLANG_WARN_INT_CONVERSION = YES;
				CLANG_WARN_NON_LITERAL_NULL_CONVERSION = YES;
				CLANG_WARN_OBJC_IMPLICIT_RETAIN_SELF = YES;
				CLANG_WARN_OBJC_LITERAL_CONVERSION = YES;
				CLANG_WARN_OBJC_ROOT_CLASS = YES_ERROR;
				CLANG_WARN_QUOTED_INCLUDE_IN_FRAMEWORK_HEADER = YES;
				CLANG_WARN_RANGE_LOOP_ANALYSIS = YES;
				CLANG_WARN_STRICT_PROTOTYPES = YES;
				CLANG_WARN_SUSPICIOUS_MOVE = YES;
				CLANG_WARN_UNGUARDED_AVAILABILITY = YES_AGGRESSIVE;
				CLANG_WARN_UNREACHABLE_CODE = YES;
				CLANG_WARN__DUPLICATE_METHOD_MATCH = YES;
				COPY_PHASE_STRIP = NO;
				DEBUG_INFORMATION_FORMAT = "dwarf-with-dsym";
				ENABLE_NS_ASSERTIONS = NO;
				ENABLE_STRICT_OBJC_MSGSEND = YES;
				GCC_C_LANGUAGE_STANDARD = gnu11;
				GCC_NO_COMMON_BLOCKS = YES;
				GCC_WARN_64_TO_32_BIT_CONVERSION = YES;
				GCC_WARN_ABOUT_RETURN_TYPE = YES_ERROR;
				GCC_WARN_UNDECLARED_SELECTOR = YES;
				GCC_WARN_UNINITIALIZED_AUTOS = YES_AGGRESSIVE;
				GCC_WARN_UNUSED_FUNCTION = YES;
				GCC_WARN_UNUSED_VARIABLE = YES;
				IPHONEOS_DEPLOYMENT_TARGET = 15.0;
				MTL_ENABLE_DEBUG_INFO = NO;
				MTL_FAST_MATH = YES;
				SDKROOT = iphoneos;
				SWIFT_COMPILATION_MODE = wholemodule;
				SWIFT_OPTIMIZATION_LEVEL = "-O";
				VALIDATE_PRODUCT = YES;
			};
			name = Release;
		};
		20E90BBA27DA8F8A00C0AC5B /* Debug */ = {
			isa = XCBuildConfiguration;
			buildSettings = {
				ASSETCATALOG_COMPILER_APPICON_NAME = AppIcon;
				ASSETCATALOG_COMPILER_GLOBAL_ACCENT_COLOR_NAME = AccentColor;
				CODE_SIGN_STYLE = Automatic;
				CURRENT_PROJECT_VERSION = 1;
				DEVELOPMENT_TEAM = MX36D7WHK7;
				GENERATE_INFOPLIST_FILE = YES;
				INFOPLIST_KEY_UIApplicationSupportsIndirectInputEvents = YES;
				INFOPLIST_KEY_UILaunchStoryboardName = LaunchScreen;
				INFOPLIST_KEY_UIMainStoryboardFile = Main;
				INFOPLIST_KEY_UIStatusBarHidden = YES;
				INFOPLIST_KEY_UISupportedInterfaceOrientations_iPad = "UIInterfaceOrientationPortrait UIInterfaceOrientationPortraitUpsideDown UIInterfaceOrientationLandscapeLeft UIInterfaceOrientationLandscapeRight";
				INFOPLIST_KEY_UISupportedInterfaceOrientations_iPhone = "UIInterfaceOrientationPortrait UIInterfaceOrientationLandscapeLeft UIInterfaceOrientationLandscapeRight";
				LD_RUNPATH_SEARCH_PATHS = (
					"$(inherited)",
					"@executable_path/Frameworks",
				);
				MARKETING_VERSION = 1.0;
				PRODUCT_BUNDLE_IDENTIFIER = "jump.example-1";
				PRODUCT_NAME = "$(TARGET_NAME)";
				SWIFT_EMIT_LOC_STRINGS = YES;
				SWIFT_VERSION = 5.0;
				TARGETED_DEVICE_FAMILY = "1,2";
			};
			name = Debug;
		};
		20E90BBB27DA8F8A00C0AC5B /* Release */ = {
			isa = XCBuildConfiguration;
			buildSettings = {
				ASSETCATALOG_COMPILER_APPICON_NAME = AppIcon;
				ASSETCATALOG_COMPILER_GLOBAL_ACCENT_COLOR_NAME = AccentColor;
				CODE_SIGN_STYLE = Automatic;
				CURRENT_PROJECT_VERSION = 1;
				DEVELOPMENT_TEAM = MX36D7WHK7;
				GENERATE_INFOPLIST_FILE = YES;
				INFOPLIST_KEY_UIApplicationSupportsIndirectInputEvents = YES;
				INFOPLIST_KEY_UILaunchStoryboardName = LaunchScreen;
				INFOPLIST_KEY_UIMainStoryboardFile = Main;
				INFOPLIST_KEY_UIStatusBarHidden = YES;
				INFOPLIST_KEY_UISupportedInterfaceOrientations_iPad = "UIInterfaceOrientationPortrait UIInterfaceOrientationPortraitUpsideDown UIInterfaceOrientationLandscapeLeft UIInterfaceOrientationLandscapeRight";
				INFOPLIST_KEY_UISupportedInterfaceOrientations_iPhone = "UIInterfaceOrientationPortrait UIInterfaceOrientationLandscapeLeft UIInterfaceOrientationLandscapeRight";
				LD_RUNPATH_SEARCH_PATHS = (
					"$(inherited)",
					"@executable_path/Frameworks",
				);
				MARKETING_VERSION = 1.0;
				PRODUCT_BUNDLE_IDENTIFIER = "jump.example-1";
				PRODUCT_NAME = "$(TARGET_NAME)";
				SWIFT_EMIT_LOC_STRINGS = YES;
				SWIFT_VERSION = 5.0;
				TARGETED_DEVICE_FAMILY = "1,2";
			};
			name = Release;
		};
		20E90BBD27DA8F8A00C0AC5B /* Debug */ = {
			isa = XCBuildConfiguration;
			buildSettings = {
				ALWAYS_EMBED_SWIFT_STANDARD_LIBRARIES = YES;
				BUNDLE_LOADER = "$(TEST_HOST)";
				CODE_SIGN_STYLE = Automatic;
				CURRENT_PROJECT_VERSION = 1;
				DEVELOPMENT_TEAM = MX36D7WHK7;
				GENERATE_INFOPLIST_FILE = YES;
				IPHONEOS_DEPLOYMENT_TARGET = 15.0;
				LD_RUNPATH_SEARCH_PATHS = (
					"$(inherited)",
					"@executable_path/Frameworks",
					"@loader_path/Frameworks",
				);
				MARKETING_VERSION = 1.0;
				PRODUCT_BUNDLE_IDENTIFIER = "jump.example-1Tests";
				PRODUCT_NAME = "$(TARGET_NAME)";
				SWIFT_EMIT_LOC_STRINGS = NO;
				SWIFT_VERSION = 5.0;
				TARGETED_DEVICE_FAMILY = "1,2";
				TEST_HOST = "$(BUILT_PRODUCTS_DIR)/example_1.app/example_1";
			};
			name = Debug;
		};
		20E90BBE27DA8F8A00C0AC5B /* Release */ = {
			isa = XCBuildConfiguration;
			buildSettings = {
				ALWAYS_EMBED_SWIFT_STANDARD_LIBRARIES = YES;
				BUNDLE_LOADER = "$(TEST_HOST)";
				CODE_SIGN_STYLE = Automatic;
				CURRENT_PROJECT_VERSION = 1;
				DEVELOPMENT_TEAM = MX36D7WHK7;
				GENERATE_INFOPLIST_FILE = YES;
				IPHONEOS_DEPLOYMENT_TARGET = 15.0;
				LD_RUNPATH_SEARCH_PATHS = (
					"$(inherited)",
					"@executable_path/Frameworks",
					"@loader_path/Frameworks",
				);
				MARKETING_VERSION = 1.0;
				PRODUCT_BUNDLE_IDENTIFIER = "jump.example-1Tests";
				PRODUCT_NAME = "$(TARGET_NAME)";
				SWIFT_EMIT_LOC_STRINGS = NO;
				SWIFT_VERSION = 5.0;
				TARGETED_DEVICE_FAMILY = "1,2";
				TEST_HOST = "$(BUILT_PRODUCTS_DIR)/example_1.app/example_1";
			};
			name = Release;
		};
		20E90BC027DA8F8A00C0AC5B /* Debug */ = {
			isa = XCBuildConfiguration;
			buildSettings = {
				ALWAYS_EMBED_SWIFT_STANDARD_LIBRARIES = YES;
				CODE_SIGN_STYLE = Automatic;
				CURRENT_PROJECT_VERSION = 1;
				DEVELOPMENT_TEAM = MX36D7WHK7;
				GENERATE_INFOPLIST_FILE = YES;
				LD_RUNPATH_SEARCH_PATHS = (
					"$(inherited)",
					"@executable_path/Frameworks",
					"@loader_path/Frameworks",
				);
				MARKETING_VERSION = 1.0;
				PRODUCT_BUNDLE_IDENTIFIER = "jump.example-1UITests";
				PRODUCT_NAME = "$(TARGET_NAME)";
				SWIFT_EMIT_LOC_STRINGS = NO;
				SWIFT_VERSION = 5.0;
				TARGETED_DEVICE_FAMILY = "1,2";
				TEST_TARGET_NAME = example_1;
			};
			name = Debug;
		};
		20E90BC127DA8F8A00C0AC5B /* Release */ = {
			isa = XCBuildConfiguration;
			buildSettings = {
				ALWAYS_EMBED_SWIFT_STANDARD_LIBRARIES = YES;
				CODE_SIGN_STYLE = Automatic;
				CURRENT_PROJECT_VERSION = 1;
				DEVELOPMENT_TEAM = MX36D7WHK7;
				GENERATE_INFOPLIST_FILE = YES;
				LD_RUNPATH_SEARCH_PATHS = (
					"$(inherited)",
					"@executable_path/Frameworks",
					"@loader_path/Frameworks",
				);
				MARKETING_VERSION = 1.0;
				PRODUCT_BUNDLE_IDENTIFIER = "jump.example-1UITests";
				PRODUCT_NAME = "$(TARGET_NAME)";
				SWIFT_EMIT_LOC_STRINGS = NO;
				SWIFT_VERSION = 5.0;
				TARGETED_DEVICE_FAMILY = "1,2";
				TEST_TARGET_NAME = example_1;
			};
			name = Release;
		};
/* End XCBuildConfiguration section */

/* Begin XCConfigurationList section */
		20E90B8727DA8F8000C0AC5B /* Build configuration list for PBXProject "example_1" */ = {
			isa = XCConfigurationList;
			buildConfigurations = (
				20E90BB727DA8F8A00C0AC5B /* Debug */,
				20E90BB827DA8F8A00C0AC5B /* Release */,
			);
			defaultConfigurationIsVisible = 0;
			defaultConfigurationName = Release;
		};
		20E90BB927DA8F8A00C0AC5B /* Build configuration list for PBXNativeTarget "example_1" */ = {
			isa = XCConfigurationList;
			buildConfigurations = (
				20E90BBA27DA8F8A00C0AC5B /* Debug */,
				20E90BBB27DA8F8A00C0AC5B /* Release */,
			);
			defaultConfigurationIsVisible = 0;
			defaultConfigurationName = Release;
		};
		20E90BBC27DA8F8A00C0AC5B /* Build configuration list for PBXNativeTarget "example_1Tests" */ = {
			isa = XCConfigurationList;
			buildConfigurations = (
				20E90BBD27DA8F8A00C0AC5B /* Debug */,
				20E90BBE27DA8F8A00C0AC5B /* Release */,
			);
			defaultConfigurationIsVisible = 0;
			defaultConfigurationName = Release;
		};
		20E90BBF27DA8F8A00C0AC5B /* Build configuration list for PBXNativeTarget "example_1UITests" */ = {
			isa = XCConfigurationList;
			buildConfigurations = (
				20E90BC027DA8F8A00C0AC5B /* Debug */,
				20E90BC127DA8F8A00C0AC5B /* Release */,
			);
			defaultConfigurationIsVisible = 0;
			defaultConfigurationName = Release;
		};
/* End XCConfigurationList section */
	};
	rootObject = 20E90B8427DA8F8000C0AC5B /* Project object */;
}
